
Microsoft Visual Studio Solution File, Format Version 12.00
# Visual Studio Version 17
VisualStudioVersion = 17.11.35312.102
MinimumVisualStudioVersion = 10.0.40219.1
Project("{FAE04EC0-301F-11D3-BF4B-00C04F79EFBC}") = "PinduFastv1", "PinduFastv1\PinduFastv1.csproj", "{6057F0FC-364D-4EBE-A6EF-59AC7C5F9BC0}"
EndProject
Global
	GlobalSection(SolutionConfigurationPlatforms) = preSolution
		Debug|Any CPU = Debug|Any CPU
		Release|Any CPU = Release|Any CPU
	EndGlobalSection
	GlobalSection(ProjectConfigurationPlatforms) = postSolution
		{6057F0FC-364D-4EBE-A6EF-59AC7C5F9BC0}.Debug|Any CPU.ActiveCfg = Debug|Any CPU
		{6057F0FC-364D-4EBE-A6EF-59AC7C5F9BC0}.Debug|Any CPU.Build.0 = Debug|Any CPU
		{6057F0FC-364D-4EBE-A6EF-59AC7C5F9BC0}.Release|Any CPU.ActiveCfg = Release|Any CPU
		{6057F0FC-364D-4EBE-A6EF-59AC7C5F9BC0}.Release|Any CPU.Build.0 = Release|Any CPU
	EndGlobalSection
	GlobalSection(SolutionProperties) = preSolution
		HideSolutionNode = FALSE
	EndGlobalSection
	GlobalSection(ExtensibilityGlobals) = postSolution
		SolutionGuid = {20671F27-7C28-48DA-BDCC-09B267C638BD}
	EndGlobalSection
EndGlobal
